
Microsoft Visual Studio Solution File, Format Version 12.00
# Visual Studio Version 16
VisualStudioVersion = 16.0.32228.343
MinimumVisualStudioVersion = 10.0.40219.1
Project("{8BC9CEB8-8B4A-11D0-8D11-00A0C91BC942}") = "p614", "p614.vcxproj", "{DAD2F8B6-FD1B-430B-BD16-76F8B30EBE13}"
EndProject
Global
	GlobalSection(SolutionConfigurationPlatforms) = preSolution
		Debug|x64 = Debug|x64
		Debug|x86 = Debug|x86
		Release|x64 = Release|x64
		Release|x86 = Release|x86
	EndGlobalSection
	GlobalSection(ProjectConfigurationPlatforms) = postSolution
		{DAD2F8B6-FD1B-430B-BD16-76F8B30EBE13}.Debug|x64.ActiveCfg = Debug|x64
		{DAD2F8B6-FD1B-430B-BD16-76F8B30EBE13}.Debug|x64.Build.0 = Debug|x64
		{DAD2F8B6-FD1B-430B-BD16-76F8B30EBE13}.Debug|x86.ActiveCfg = Debug|Win32
		{DAD2F8B6-FD1B-430B-BD16-76F8B30EBE13}.Debug|x86.Build.0 = Debug|Win32
		{DAD2F8B6-FD1B-430B-BD16-76F8B30EBE13}.Release|x64.ActiveCfg = Release|x64
		{DAD2F8B6-FD1B-430B-BD16-76F8B30EBE13}.Release|x64.Build.0 = Release|x64
		{DAD2F8B6-FD1B-430B-BD16-76F8B30EBE13}.Release|x86.ActiveCfg = Release|Win32
		{DAD2F8B6-FD1B-430B-BD16-76F8B30EBE13}.Release|x86.Build.0 = Release|Win32
	EndGlobalSection
	GlobalSection(SolutionProperties) = preSolution
		HideSolutionNode = FALSE
	EndGlobalSection
	GlobalSection(ExtensibilityGlobals) = postSolution
		SolutionGuid = {BBEFA796-2127-4C6A-BDC0-07D370A40D2F}
	EndGlobalSection
EndGlobal
